
Microsoft Visual Studio Solution File, Format Version 11.00
# Visual Studio 2010
Project("{8BC9CEB8-8B4A-11D0-8D11-00A0C91BC942}") = "1-5-17斐波那契数列", "1-5-17斐波那契数列\1-5-17斐波那契数列.vcxproj", "{22C11CA7-0FF6-4511-9D91-405F7713ADDF}"
EndProject
Global
	GlobalSection(SolutionConfigurationPlatforms) = preSolution
		Debug|Win32 = Debug|Win32
		Release|Win32 = Release|Win32
	EndGlobalSection
	GlobalSection(ProjectConfigurationPlatforms) = postSolution
		{22C11CA7-0FF6-4511-9D91-405F7713ADDF}.Debug|Win32.ActiveCfg = Debug|Win32
		{22C11CA7-0FF6-4511-9D91-405F7713ADDF}.Debug|Win32.Build.0 = Debug|Win32
		{22C11CA7-0FF6-4511-9D91-405F7713ADDF}.Release|Win32.ActiveCfg = Release|Win32
		{22C11CA7-0FF6-4511-9D91-405F7713ADDF}.Release|Win32.Build.0 = Release|Win32
	EndGlobalSection
	GlobalSection(SolutionProperties) = preSolution
		HideSolutionNode = FALSE
	EndGlobalSection
EndGlobal
